PODS:
  - AFNetworking (2.5.4):
    - AFNetworking/NSURLConnection (= 2.5.4)
    - AFNetworking/NSURLSession (= 2.5.4)
    - AFNetworking/Reachability (= 2.5.4)
    - AFNetworking/Security (= 2.5.4)
    - AFNetworking/Serialization (= 2.5.4)
    - AFNetworking/UIKit (= 2.5.4)
  - AFNetworking/NSURLConnection (2.5.4):
    - AFNetworking/Reachability
    - AFNetworking/Security
    - AFNetworking/Serialization
  - AFNetworking/NSURLSession (2.5.4):
    - AFNetworking/Reachability
    - AFNetworking/Security
    - AFNetworking/Serialization
  - AFNetworking/Reachability (2.5.4)
  - AFNetworking/Security (2.5.4)
  - AFNetworking/Serialization (2.5.4)
  - AFNetworking/UIKit (2.5.4):
    - AFNetworking/NSURLConnection
    - AFNetworking/NSURLSession
  - FMDB (2.5):
    - FMDB/standard (= 2.5)
  - FMDB/common (2.5)
  - FMDB/standard (2.5):
    - FMDB/common
  - HLHanZiToPinYin (0.0.1)
  - MMProgressHUD (0.3.1)
  - VerLabel (1.0.0)

DEPENDENCIES:
  - AFNetworking (~> 2.0)
  - FMDB (~> 2.5)
  - HLHanZiToPinYin (~> 0.0.1)
  - MMProgressHUD (~> 0.3.1)
  - VerLabel (from `https://github.com/emodeqidao/VerLabel.git`)

EXTERNAL SOURCES:
  VerLabel:
    :git: https://github.com/emodeqidao/VerLabel.git

CHECKOUT OPTIONS:
  VerLabel:
    :commit: 31a9dd2de4b8a3e02cc5f1f69ba5208dd5e1cfa3
    :git: https://github.com/emodeqidao/VerLabel.git

SPEC CHECKSUMS:
  AFNetworking: 05edc0ac4c4c8cf57bcf4b84be5b0744b6d8e71e
  FMDB: 96e8f1bcc1329e269330f99770ad4285d9003e52
  HLHanZiToPinYin: ab5de40dd0f2f82886e1db76af2a90d26f614dd5
  MMProgressHUD: dac2655d62d28e7d6dc28bf72d9531a4d4c62459
  VerLabel: 0e86d71412da9da745c8a9d1247ab0d0b99e2709

COCOAPODS: 0.37.2
